// !$*UTF8*$!
{
	archiveVersion = 1;
	classes = {
	};
	objectVersion = 56;
	objects = {

/* Begin PBXBuildFile section */
		C72886AA2A0CA28C006E2581 /* CoreDataToDoApp.swift in Sources */ = {isa = PBXBuildFile; fileRef = C72886A92A0CA28C006E2581 /* CoreDataToDoApp.swift */; };
		C72886AC2A0CA28C006E2581 /* ContentView.swift in Sources */ = {isa = PBXBuildFile; fileRef = C72886AB2A0CA28C006E2581 /* ContentView.swift */; };
		C72886AE2A0CA28D006E2581 /* Assets.xcassets in Resources */ = {isa = PBXBuildFile; fileRef = C72886AD2A0CA28D006E2581 /* Assets.xcassets */; };
		C72886B12A0CA28D006E2581 /* Preview Assets.xcassets in Resources */ = {isa = PBXBuildFile; fileRef = C72886B02A0CA28D006E2581 /* Preview Assets.xcassets */; };
		C72886B32A0CA28D006E2581 /* Persistence.swift in Sources */ = {isa = PBXBuildFile; fileRef = C72886B22A0CA28D006E2581 /* Persistence.swift */; };
		C72886B62A0CA28D006E2581 /* CoreDataToDo.xcdatamodeld in Sources */ = {isa = PBXBuildFile; fileRef = C72886B42A0CA28D006E2581 /* CoreDataToDo.xcdatamodeld */; };
		C72886C02A0CA28E006E2581 /* CoreDataToDoTests.swift in Sources */ = {isa = PBXBuildFile; fileRef = C72886BF2A0CA28E006E2581 /* CoreDataToDoTests.swift */; };
		C72886CA2A0CA28E006E2581 /* CoreDataToDoUITests.swift in Sources */ = {isa = PBXBuildFile; fileRef = C72886C92A0CA28E006E2581 /* CoreDataToDoUITests.swift */; };
		C72886CC2A0CA28E006E2581 /* CoreDataToDoUITestsLaunchTests.swift in Sources */ = {isa = PBXBuildFile; fileRef = C72886CB2A0CA28E006E2581 /* CoreDataToDoUITestsLaunchTests.swift */; };
		C72886D92A108383006E2581 /* ItemRowView.swift in Sources */ = {isa = PBXBuildFile; fileRef = C72886D82A108383006E2581 /* ItemRowView.swift */; };
/* End PBXBuildFile section */

/* Begin PBXContainerItemProxy section */
		C72886BC2A0CA28E006E2581 /* PBXContainerItemProxy */ = {
			isa = PBXContainerItemProxy;
			containerPortal = C728869E2A0CA28C006E2581 /* Project object */;
			proxyType = 1;
			remoteGlobalIDString = C72886A52A0CA28C006E2581;
			remoteInfo = CoreDataToDo;
		};
		C72886C62A0CA28E006E2581 /* PBXContainerItemProxy */ = {
			isa = PBXContainerItemProxy;
			containerPortal = C728869E2A0CA28C006E2581 /* Project object */;
			proxyType = 1;
			remoteGlobalIDString = C72886A52A0CA28C006E2581;
			remoteInfo = CoreDataToDo;
		};
/* End PBXContainerItemProxy section */

/* Begin PBXFileReference section */
		C72886A62A0CA28C006E2581 /* CoreDataToDo.app */ = {isa = PBXFileReference; explicitFileType = wrapper.application; includeInIndex = 0; path = CoreDataToDo.app; sourceTree = BUILT_PRODUCTS_DIR; };
		C72886A92A0CA28C006E2581 /* CoreDataToDoApp.swift */ = {isa = PBXFileReference; lastKnownFileType = sourcecode.swift; path = CoreDataToDoApp.swift; sourceTree = "<group>"; };
		C72886AB2A0CA28C006E2581 /* ContentView.swift */ = {isa = PBXFileReference; lastKnownFileType = sourcecode.swift; path = ContentView.swift; sourceTree = "<group>"; };
		C72886AD2A0CA28D006E2581 /* Assets.xcassets */ = {isa = PBXFileReference; lastKnownFileType = folder.assetcatalog; path = Assets.xcassets; sourceTree = "<group>"; };
		C72886B02A0CA28D006E2581 /* Preview Assets.xcassets */ = {isa = PBXFileReference; lastKnownFileType = folder.assetcatalog; path = "Preview Assets.xcassets"; sourceTree = "<group>"; };
		C72886B22A0CA28D006E2581 /* Persistence.swift */ = {isa = PBXFileReference; lastKnownFileType = sourcecode.swift; path = Persistence.swift; sourceTree = "<group>"; };
		C72886B52A0CA28D006E2581 /* CoreDataToDo.xcdatamodel */ = {isa = PBXFileReference; lastKnownFileType = wrapper.xcdatamodel; path = CoreDataToDo.xcdatamodel; sourceTree = "<group>"; };
		C72886BB2A0CA28E006E2581 /* CoreDataToDoTests.xctest */ = {isa = PBXFileReference; explicitFileType = wrapper.cfbundle; includeInIndex = 0; path = CoreDataToDoTests.xctest; sourceTree = BUILT_PRODUCTS_DIR; };
		C72886BF2A0CA28E006E2581 /* CoreDataToDoTests.swift */ = {isa = PBXFileReference; lastKnownFileType = sourcecode.swift; path = CoreDataToDoTests.swift; sourceTree = "<group>"; };
		C72886C52A0CA28E006E2581 /* CoreDataToDoUITests.xctest */ = {isa = PBXFileReference; explicitFileType = wrapper.cfbundle; includeInIndex = 0; path = CoreDataToDoUITests.xctest; sourceTree = BUILT_PRODUCTS_DIR; };
		C72886C92A0CA28E006E2581 /* CoreDataToDoUITests.swift */ = {isa = PBXFileReference; lastKnownFileType = sourcecode.swift; path = CoreDataToDoUITests.swift; sourceTree = "<group>"; };
		C72886CB2A0CA28E006E2581 /* CoreDataToDoUITestsLaunchTests.swift */ = {isa = PBXFileReference; lastKnownFileType = sourcecode.swift; path = CoreDataToDoUITestsLaunchTests.swift; sourceTree = "<group>"; };
		C72886D82A108383006E2581 /* ItemRowView.swift */ = {isa = PBXFileReference; lastKnownFileType = sourcecode.swift; path = ItemRowView.swift; sourceTree = "<group>"; };
/* End PBXFileReference section */

/* Begin PBXFrameworksBuildPhase section */
		C72886A32A0CA28C006E2581 /* Frameworks */ = {
			isa = PBXFrameworksBuildPhase;
			buildActionMask = 2147483647;
			files = (
			);
			runOnlyForDeploymentPostprocessing = 0;
		};
		C72886B82A0CA28E006E2581 /* Frameworks */ = {
			isa = PBXFrameworksBuildPhase;
			buildActionMask = 2147483647;
			files = (
			);
			runOnlyForDeploymentPostprocessing = 0;
		};
		C72886C22A0CA28E006E2581 /* Frameworks */ = {
			isa = PBXFrameworksBuildPhase;
			buildActionMask = 2147483647;
			files = (
			);
			runOnlyForDeploymentPostprocessing = 0;
		};
/* End PBXFrameworksBuildPhase section */

/* Begin PBXGroup section */
		C728869D2A0CA28C006E2581 = {
			isa = PBXGroup;
			children = (
				C72886A82A0CA28C006E2581 /* CoreDataToDo */,
				C72886BE2A0CA28E006E2581 /* CoreDataToDoTests */,
				C72886C82A0CA28E006E2581 /* CoreDataToDoUITests */,
				C72886A72A0CA28C006E2581 /* Products */,
			);
			sourceTree = "<group>";
		};
		C72886A72A0CA28C006E2581 /* Products */ = {
			isa = PBXGroup;
			children = (
				C72886A62A0CA28C006E2581 /* CoreDataToDo.app */,
				C72886BB2A0CA28E006E2581 /* CoreDataToDoTests.xctest */,
				C72886C52A0CA28E006E2581 /* CoreDataToDoUITests.xctest */,
			);
			name = Products;
			sourceTree = "<group>";
		};
		C72886A82A0CA28C006E2581 /* CoreDataToDo */ = {
			isa = PBXGroup;
			children = (
				C72886A92A0CA28C006E2581 /* CoreDataToDoApp.swift */,
				C72886AB2A0CA28C006E2581 /* ContentView.swift */,
				C72886D82A108383006E2581 /* ItemRowView.swift */,
				C72886AD2A0CA28D006E2581 /* Assets.xcassets */,
				C72886B22A0CA28D006E2581 /* Persistence.swift */,
				C72886B42A0CA28D006E2581 /* CoreDataToDo.xcdatamodeld */,
				C72886AF2A0CA28D006E2581 /* Preview Content */,
			);
			path = CoreDataToDo;
			sourceTree = "<group>";
		};
		C72886AF2A0CA28D006E2581 /* Preview Content */ = {
			isa = PBXGroup;
			children = (
				C72886B02A0CA28D006E2581 /* Preview Assets.xcassets */,
			);
			path = "Preview Content";
			sourceTree = "<group>";
		};
		C72886BE2A0CA28E006E2581 /* CoreDataToDoTests */ = {
			isa = PBXGroup;
			children = (
				C72886BF2A0CA28E006E2581 /* CoreDataToDoTests.swift */,
			);
			path = CoreDataToDoTests;
			sourceTree = "<group>";
		};
		C72886C82A0CA28E006E2581 /* CoreDataToDoUITests */ = {
			isa = PBXGroup;
			children = (
				C72886C92A0CA28E006E2581 /* CoreDataToDoUITests.swift */,
				C72886CB2A0CA28E006E2581 /* CoreDataToDoUITestsLaunchTests.swift */,
			);
			path = CoreDataToDoUITests;
			sourceTree = "<group>";
		};
/* End PBXGroup section */

/* Begin PBXNativeTarget section */
		C72886A52A0CA28C006E2581 /* CoreDataToDo */ = {
			isa = PBXNativeTarget;
			buildConfigurationList = C72886CF2A0CA28E006E2581 /* Build configuration list for PBXNativeTarget "CoreDataToDo" */;
			buildPhases = (
				C72886A22A0CA28C006E2581 /* Sources */,
				C72886A32A0CA28C006E2581 /* Frameworks */,
				C72886A42A0CA28C006E2581 /* Resources */,
			);
			buildRules = (
			);
			dependencies = (
			);
			name = CoreDataToDo;
			productName = CoreDataToDo;
			productReference = C72886A62A0CA28C006E2581 /* CoreDataToDo.app */;
			productType = "com.apple.product-type.application";
		};
		C72886BA2A0CA28E006E2581 /* CoreDataToDoTests */ = {
			isa = PBXNativeTarget;
			buildConfigurationList = C72886D22A0CA28E006E2581 /* Build configuration list for PBXNativeTarget "CoreDataToDoTests" */;
			buildPhases = (
				C72886B72A0CA28E006E2581 /* Sources */,
				C72886B82A0CA28E006E2581 /* Frameworks */,
				C72886B92A0CA28E006E2581 /* Resources */,
			);
			buildRules = (
			);
			dependencies = (
				C72886BD2A0CA28E006E2581 /* PBXTargetDependency */,
			);
			name = CoreDataToDoTests;
			productName = CoreDataToDoTests;
			productReference = C72886BB2A0CA28E006E2581 /* CoreDataToDoTests.xctest */;
			productType = "com.apple.product-type.bundle.unit-test";
		};
		C72886C42A0CA28E006E2581 /* CoreDataToDoUITests */ = {
			isa = PBXNativeTarget;
			buildConfigurationList = C72886D52A0CA28E006E2581 /* Build configuration list for PBXNativeTarget "CoreDataToDoUITests" */;
			buildPhases = (
				C72886C12A0CA28E006E2581 /* Sources */,
				C72886C22A0CA28E006E2581 /* Frameworks */,
				C72886C32A0CA28E006E2581 /* Resources */,
			);
			buildRules = (
			);
			dependencies = (
				C72886C72A0CA28E006E2581 /* PBXTargetDependency */,
			);
			name = CoreDataToDoUITests;
			productName = CoreDataToDoUITests;
			productReference = C72886C52A0CA28E006E2581 /* CoreDataToDoUITests.xctest */;
			productType = "com.apple.product-type.bundle.ui-testing";
		};
/* End PBXNativeTarget section */

/* Begin PBXProject section */
		C728869E2A0CA28C006E2581 /* Project object */ = {
			isa = PBXProject;
			attributes = {
				BuildIndependentTargetsInParallel = 1;
				LastSwiftUpdateCheck = 1430;
				LastUpgradeCheck = 1430;
				TargetAttributes = {
					C72886A52A0CA28C006E2581 = {
						CreatedOnToolsVersion = 14.3;
					};
					C72886BA2A0CA28E006E2581 = {
						CreatedOnToolsVersion = 14.3;
						TestTargetID = C72886A52A0CA28C006E2581;
					};
					C72886C42A0CA28E006E2581 = {
						CreatedOnToolsVersion = 14.3;
						TestTargetID = C72886A52A0CA28C006E2581;
					};
				};
			};
			buildConfigurationList = C72886A12A0CA28C006E2581 /* Build configuration list for PBXProject "CoreDataToDo" */;
			compatibilityVersion = "Xcode 14.0";
			developmentRegion = en;
			hasScannedForEncodings = 0;
			knownRegions = (
				en,
				Base,
			);
			mainGroup = C728869D2A0CA28C006E2581;
			productRefGroup = C72886A72A0CA28C006E2581 /* Products */;
			projectDirPath = "";
			projectRoot = "";
			targets = (
				C72886A52A0CA28C006E2581 /* CoreDataToDo */,
				C72886BA2A0CA28E006E2581 /* CoreDataToDoTests */,
				C72886C42A0CA28E006E2581 /* CoreDataToDoUITests */,
			);
		};
/* End PBXProject section */

/* Begin PBXResourcesBuildPhase section */
		C72886A42A0CA28C006E2581 /* Resources */ = {
			isa = PBXResourcesBuildPhase;
			buildActionMask = 2147483647;
			files = (
				C72886B12A0CA28D006E2581 /* Preview Assets.xcassets in Resources */,
				C72886AE2A0CA28D006E2581 /* Assets.xcassets in Resources */,
			);
			runOnlyForDeploymentPostprocessing = 0;
		};
		C72886B92A0CA28E006E2581 /* Resources */ = {
			isa = PBXResourcesBuildPhase;
			buildActionMask = 2147483647;
			files = (
			);
			runOnlyForDeploymentPostprocessing = 0;
		};
		C72886C32A0CA28E006E2581 /* Resources */ = {
			isa = PBXResourcesBuildPhase;
			buildActionMask = 2147483647;
			files = (
			);
			runOnlyForDeploymentPostprocessing = 0;
		};
/* End PBXResourcesBuildPhase section */

/* Begin PBXSourcesBuildPhase section */
		C72886A22A0CA28C006E2581 /* Sources */ = {
			isa = PBXSourcesBuildPhase;
			buildActionMask = 2147483647;
			files = (
				C72886B32A0CA28D006E2581 /* Persistence.swift in Sources */,
				C72886AC2A0CA28C006E2581 /* ContentView.swift in Sources */,
				C72886B62A0CA28D006E2581 /* CoreDataToDo.xcdatamodeld in Sources */,
				C72886AA2A0CA28C006E2581 /* CoreDataToDoApp.swift in Sources */,
				C72886D92A108383006E2581 /* ItemRowView.swift in Sources */,
			);
			runOnlyForDeploymentPostprocessing = 0;
		};
		C72886B72A0CA28E006E2581 /* Sources */ = {
			isa = PBXSourcesBuildPhase;
			buildActionMask = 2147483647;
			files = (
				C72886C02A0CA28E006E2581 /* CoreDataToDoTests.swift in Sources */,
			);
			runOnlyForDeploymentPostprocessing = 0;
		};
		C72886C12A0CA28E006E2581 /* Sources */ = {
			isa = PBXSourcesBuildPhase;
			buildActionMask = 2147483647;
			files = (
				C72886CA2A0CA28E006E2581 /* CoreDataToDoUITests.swift in Sources */,
				C72886CC2A0CA28E006E2581 /* CoreDataToDoUITestsLaunchTests.swift in Sources */,
			);
			runOnlyForDeploymentPostprocessing = 0;
		};
/* End PBXSourcesBuildPhase section */

/* Begin PBXTargetDependency section */
		C72886BD2A0CA28E006E2581 /* PBXTargetDependency */ = {
			isa = PBXTargetDependency;
			target = C72886A52A0CA28C006E2581 /* CoreDataToDo */;
			targetProxy = C72886BC2A0CA28E006E2581 /* PBXContainerItemProxy */;
		};
		C72886C72A0CA28E006E2581 /* PBXTargetDependency */ = {
			isa = PBXTargetDependency;
			target = C72886A52A0CA28C006E2581 /* CoreDataToDo */;
			targetProxy = C72886C62A0CA28E006E2581 /* PBXContainerItemProxy */;
		};
/* End PBXTargetDependency section */

/* Begin XCBuildConfiguration section */
		C72886CD2A0CA28E006E2581 /* Debug */ = {
			isa = XCBuildConfiguration;
			buildSettings = {
				ALWAYS_SEARCH_USER_PATHS = NO;
				CLANG_ANALYZER_NONNULL = YES;
				CLANG_ANALYZER_NUMBER_OBJECT_CONVERSION = YES_AGGRESSIVE;
				CLANG_CXX_LANGUAGE_STANDARD = "gnu++20";
				CLANG_ENABLE_MODULES = YES;
				CLANG_ENABLE_OBJC_ARC = YES;
				CLANG_ENABLE_OBJC_WEAK = YES;
				CLANG_WARN_BLOCK_CAPTURE_AUTORELEASING = YES;
				CLANG_WARN_BOOL_CONVERSION = YES;
				CLANG_WARN_COMMA = YES;
				CLANG_WARN_CONSTANT_CONVERSION = YES;
				CLANG_WARN_DEPRECATED_OBJC_IMPLEMENTATIONS = YES;
				CLANG_WARN_DIRECT_OBJC_ISA_USAGE = YES_ERROR;
				CLANG_WARN_DOCUMENTATION_COMMENTS = YES;
				CLANG_WARN_EMPTY_BODY = YES;
				CLANG_WARN_ENUM_CONVERSION = YES;
				CLANG_WARN_INFINITE_RECURSION = YES;
				CLANG_WARN_INT_CONVERSION = YES;
				CLANG_WARN_NON_LITERAL_NULL_CONVERSION = YES;
				CLANG_WARN_OBJC_IMPLICIT_RETAIN_SELF = YES;
				CLANG_WARN_OBJC_LITERAL_CONVERSION = YES;
				CLANG_WARN_OBJC_ROOT_CLASS = YES_ERROR;
				CLANG_WARN_QUOTED_INCLUDE_IN_FRAMEWORK_HEADER = YES;
				CLANG_WARN_RANGE_LOOP_ANALYSIS = YES;
				CLANG_WARN_STRICT_PROTOTYPES = YES;
				CLANG_WARN_SUSPICIOUS_MOVE = YES;
				CLANG_WARN_UNGUARDED_AVAILABILITY = YES_AGGRESSIVE;
				CLANG_WARN_UNREACHABLE_CODE = YES;
				CLANG_WARN__DUPLICATE_METHOD_MATCH = YES;
				COPY_PHASE_STRIP = NO;
				DEBUG_INFORMATION_FORMAT = dwarf;
				ENABLE_STRICT_OBJC_MSGSEND = YES;
				ENABLE_TESTABILITY = YES;
				GCC_C_LANGUAGE_STANDARD = gnu11;
				GCC_DYNAMIC_NO_PIC = NO;
				GCC_NO_COMMON_BLOCKS = YES;
				GCC_OPTIMIZATION_LEVEL = 0;
				GCC_PREPROCESSOR_DEFINITIONS = (
					"DEBUG=1",
					"$(inherited)",
				);
				GCC_WARN_64_TO_32_BIT_CONVERSION = YES;
				GCC_WARN_ABOUT_RETURN_TYPE = YES_ERROR;
				GCC_WARN_UNDECLARED_SELECTOR = YES;
				GCC_WARN_UNINITIALIZED_AUTOS = YES_AGGRESSIVE;
				GCC_WARN_UNUSED_FUNCTION = YES;
				GCC_WARN_UNUSED_VARIABLE = YES;
				IPHONEOS_DEPLOYMENT_TARGET = 16.4;
				MTL_ENABLE_DEBUG_INFO = INCLUDE_SOURCE;
				MTL_FAST_MATH = YES;
				ONLY_ACTIVE_ARCH = YES;
				SDKROOT = iphoneos;
				SWIFT_ACTIVE_COMPILATION_CONDITIONS = DEBUG;
				SWIFT_OPTIMIZATION_LEVEL = "-Onone";
			};
			name = Debug;
		};
		C72886CE2A0CA28E006E2581 /* Release */ = {
			isa = XCBuildConfiguration;
			buildSettings = {
				ALWAYS_SEARCH_USER_PATHS = NO;
				CLANG_ANALYZER_NONNULL = YES;
				CLANG_ANALYZER_NUMBER_OBJECT_CONVERSION = YES_AGGRESSIVE;
				CLANG_CXX_LANGUAGE_STANDARD = "gnu++20";
				CLANG_ENABLE_MODULES = YES;
				CLANG_ENABLE_OBJC_ARC = YES;
				CLANG_ENABLE_OBJC_WEAK = YES;
				CLANG_WARN_BLOCK_CAPTURE_AUTORELEASING = YES;
				CLANG_WARN_BOOL_CONVERSION = YES;
				CLANG_WARN_COMMA = YES;
				CLANG_WARN_CONSTANT_CONVERSION = YES;
				CLANG_WARN_DEPRECATED_OBJC_IMPLEMENTATIONS = YES;
				CLANG_WARN_DIRECT_OBJC_ISA_USAGE = YES_ERROR;
				CLANG_WARN_DOCUMENTATION_COMMENTS = YES;
				CLANG_WARN_EMPTY_BODY = YES;
				CLANG_WARN_ENUM_CONVERSION = YES;
				CLANG_WARN_INFINITE_RECURSION = YES;
				CLANG_WARN_INT_CONVERSION = YES;
				CLANG_WARN_NON_LITERAL_NULL_CONVERSION = YES;
				CLANG_WARN_OBJC_IMPLICIT_RETAIN_SELF = YES;
				CLANG_WARN_OBJC_LITERAL_CONVERSION = YES;
				CLANG_WARN_OBJC_ROOT_CLASS = YES_ERROR;
				CLANG_WARN_QUOTED_INCLUDE_IN_FRAMEWORK_HEADER = YES;
				CLANG_WARN_RANGE_LOOP_ANALYSIS = YES;
				CLANG_WARN_STRICT_PROTOTYPES = YES;
				CLANG_WARN_SUSPICIOUS_MOVE = YES;
				CLANG_WARN_UNGUARDED_AVAILABILITY = YES_AGGRESSIVE;
				CLANG_WARN_UNREACHABLE_CODE = YES;
				CLANG_WARN__DUPLICATE_METHOD_MATCH = YES;
				COPY_PHASE_STRIP = NO;
				DEBUG_INFORMATION_FORMAT = "dwarf-with-dsym";
				ENABLE_NS_ASSERTIONS = NO;
				ENABLE_STRICT_OBJC_MSGSEND = YES;
				GCC_C_LANGUAGE_STANDARD = gnu11;
				GCC_NO_COMMON_BLOCKS = YES;
				GCC_WARN_64_TO_32_BIT_CONVERSION = YES;
				GCC_WARN_ABOUT_RETURN_TYPE = YES_ERROR;
				GCC_WARN_UNDECLARED_SELECTOR = YES;
				GCC_WARN_UNINITIALIZED_AUTOS = YES_AGGRESSIVE;
				GCC_WARN_UNUSED_FUNCTION = YES;
				GCC_WARN_UNUSED_VARIABLE = YES;
				IPHONEOS_DEPLOYMENT_TARGET = 16.4;
				MTL_ENABLE_DEBUG_INFO = NO;
				MTL_FAST_MATH = YES;
				SDKROOT = iphoneos;
				SWIFT_COMPILATION_MODE = wholemodule;
				SWIFT_OPTIMIZATION_LEVEL = "-O";
				VALIDATE_PRODUCT = YES;
			};
			name = Release;
		};
		C72886D02A0CA28E006E2581 /* Debug */ = {
			isa = XCBuildConfiguration;
			buildSettings = {
				ASSETCATALOG_COMPILER_APPICON_NAME = AppIcon;
				ASSETCATALOG_COMPILER_GLOBAL_ACCENT_COLOR_NAME = AccentColor;
				CODE_SIGN_STYLE = Automatic;
				CURRENT_PROJECT_VERSION = 1;
				DEVELOPMENT_ASSET_PATHS = "\"CoreDataToDo/Preview Content\"";
				DEVELOPMENT_TEAM = J84R92GR68;
				ENABLE_PREVIEWS = YES;
				GENERATE_INFOPLIST_FILE = YES;
				INFOPLIST_KEY_UIApplicationSceneManifest_Generation = YES;
				INFOPLIST_KEY_UIApplicationSupportsIndirectInputEvents = YES;
				INFOPLIST_KEY_UILaunchScreen_Generation = YES;
				INFOPLIST_KEY_UISupportedInterfaceOrientations_iPad = "UIInterfaceOrientationPortrait UIInterfaceOrientationPortraitUpsideDown UIInterfaceOrientationLandscapeLeft UIInterfaceOrientationLandscapeRight";
				INFOPLIST_KEY_UISupportedInterfaceOrientations_iPhone = "UIInterfaceOrientationPortrait UIInterfaceOrientationLandscapeLeft UIInterfaceOrientationLandscapeRight";
				LD_RUNPATH_SEARCH_PATHS = (
					"$(inherited)",
					"@executable_path/Frameworks",
				);
				MARKETING_VERSION = 1.0;
				PRODUCT_BUNDLE_IDENTIFIER = com.LeandroOliveira.CoreDataToDo;
				PRODUCT_NAME = "$(TARGET_NAME)";
				SWIFT_EMIT_LOC_STRINGS = YES;
				SWIFT_VERSION = 5.0;
				TARGETED_DEVICE_FAMILY = "1,2";
			};
			name = Debug;
		};
		C72886D12A0CA28E006E2581 /* Release */ = {
			isa = XCBuildConfiguration;
			buildSettings = {
				ASSETCATALOG_COMPILER_APPICON_NAME = AppIcon;
				ASSETCATALOG_COMPILER_GLOBAL_ACCENT_COLOR_NAME = AccentColor;
				CODE_SIGN_STYLE = Automatic;
				CURRENT_PROJECT_VERSION = 1;
				DEVELOPMENT_ASSET_PATHS = "\"CoreDataToDo/Preview Content\"";
				DEVELOPMENT_TEAM = J84R92GR68;
				ENABLE_PREVIEWS = YES;
				GENERATE_INFOPLIST_FILE = YES;
				INFOPLIST_KEY_UIApplicationSceneManifest_Generation = YES;
				INFOPLIST_KEY_UIApplicationSupportsIndirectInputEvents = YES;
				INFOPLIST_KEY_UILaunchScreen_Generation = YES;
				INFOPLIST_KEY_UISupportedInterfaceOrientations_iPad = "UIInterfaceOrientationPortrait UIInterfaceOrientationPortraitUpsideDown UIInterfaceOrientationLandscapeLeft UIInterfaceOrientationLandscapeRight";
				INFOPLIST_KEY_UISupportedInterfaceOrientations_iPhone = "UIInterfaceOrientationPortrait UIInterfaceOrientationLandscapeLeft UIInterfaceOrientationLandscapeRight";
				LD_RUNPATH_SEARCH_PATHS = (
					"$(inherited)",
					"@executable_path/Frameworks",
				);
				MARKETING_VERSION = 1.0;
				PRODUCT_BUNDLE_IDENTIFIER = com.LeandroOliveira.CoreDataToDo;
				PRODUCT_NAME = "$(TARGET_NAME)";
				SWIFT_EMIT_LOC_STRINGS = YES;
				SWIFT_VERSION = 5.0;
				TARGETED_DEVICE_FAMILY = "1,2";
			};
			name = Release;
		};
		C72886D32A0CA28E006E2581 /* Debug */ = {
			isa = XCBuildConfiguration;
			buildSettings = {
				ALWAYS_EMBED_SWIFT_STANDARD_LIBRARIES = YES;
				BUNDLE_LOADER = "$(TEST_HOST)";
				CODE_SIGN_STYLE = Automatic;
				CURRENT_PROJECT_VERSION = 1;
				DEVELOPMENT_TEAM = J84R92GR68;
				GENERATE_INFOPLIST_FILE = YES;
				IPHONEOS_DEPLOYMENT_TARGET = 16.4;
				MARKETING_VERSION = 1.0;
				PRODUCT_BUNDLE_IDENTIFIER = com.LeandroOliveira.CoreDataToDoTests;
				PRODUCT_NAME = "$(TARGET_NAME)";
				SWIFT_EMIT_LOC_STRINGS = NO;
				SWIFT_VERSION = 5.0;
				TARGETED_DEVICE_FAMILY = "1,2";
				TEST_HOST = "$(BUILT_PRODUCTS_DIR)/CoreDataToDo.app/$(BUNDLE_EXECUTABLE_FOLDER_PATH)/CoreDataToDo";
			};
			name = Debug;
		};
		C72886D42A0CA28E006E2581 /* Release */ = {
			isa = XCBuildConfiguration;
			buildSettings = {
				ALWAYS_EMBED_SWIFT_STANDARD_LIBRARIES = YES;
				BUNDLE_LOADER = "$(TEST_HOST)";
				CODE_SIGN_STYLE = Automatic;
				CURRENT_PROJECT_VERSION = 1;
				DEVELOPMENT_TEAM = J84R92GR68;
				GENERATE_INFOPLIST_FILE = YES;
				IPHONEOS_DEPLOYMENT_TARGET = 16.4;
				MARKETING_VERSION = 1.0;
				PRODUCT_BUNDLE_IDENTIFIER = com.LeandroOliveira.CoreDataToDoTests;
				PRODUCT_NAME = "$(TARGET_NAME)";
				SWIFT_EMIT_LOC_STRINGS = NO;
				SWIFT_VERSION = 5.0;
				TARGETED_DEVICE_FAMILY = "1,2";
				TEST_HOST = "$(BUILT_PRODUCTS_DIR)/CoreDataToDo.app/$(BUNDLE_EXECUTABLE_FOLDER_PATH)/CoreDataToDo";
			};
			name = Release;
		};
		C72886D62A0CA28E006E2581 /* Debug */ = {
			isa = XCBuildConfiguration;
			buildSettings = {
				ALWAYS_EMBED_SWIFT_STANDARD_LIBRARIES = YES;
				CODE_SIGN_STYLE = Automatic;
				CURRENT_PROJECT_VERSION = 1;
				DEVELOPMENT_TEAM = J84R92GR68;
				GENERATE_INFOPLIST_FILE = YES;
				MARKETING_VERSION = 1.0;
				PRODUCT_BUNDLE_IDENTIFIER = com.LeandroOliveira.CoreDataToDoUITests;
				PRODUCT_NAME = "$(TARGET_NAME)";
				SWIFT_EMIT_LOC_STRINGS = NO;
				SWIFT_VERSION = 5.0;
				TARGETED_DEVICE_FAMILY = "1,2";
				TEST_TARGET_NAME = CoreDataToDo;
			};
			name = Debug;
		};
		C72886D72A0CA28E006E2581 /* Release */ = {
			isa = XCBuildConfiguration;
			buildSettings = {
				ALWAYS_EMBED_SWIFT_STANDARD_LIBRARIES = YES;
				CODE_SIGN_STYLE = Automatic;
				CURRENT_PROJECT_VERSION = 1;
				DEVELOPMENT_TEAM = J84R92GR68;
				GENERATE_INFOPLIST_FILE = YES;
				MARKETING_VERSION = 1.0;
				PRODUCT_BUNDLE_IDENTIFIER = com.LeandroOliveira.CoreDataToDoUITests;
				PRODUCT_NAME = "$(TARGET_NAME)";
				SWIFT_EMIT_LOC_STRINGS = NO;
				SWIFT_VERSION = 5.0;
				TARGETED_DEVICE_FAMILY = "1,2";
				TEST_TARGET_NAME = CoreDataToDo;
			};
			name = Release;
		};
/* End XCBuildConfiguration section */

/* Begin XCConfigurationList section */
		C72886A12A0CA28C006E2581 /* Build configuration list for PBXProject "CoreDataToDo" */ = {
			isa = XCConfigurationList;
			buildConfigurations = (
				C72886CD2A0CA28E006E2581 /* Debug */,
				C72886CE2A0CA28E006E2581 /* Release */,
			);
			defaultConfigurationIsVisible = 0;
			defaultConfigurationName = Release;
		};
		C72886CF2A0CA28E006E2581 /* Build configuration list for PBXNativeTarget "CoreDataToDo" */ = {
			isa = XCConfigurationList;
			buildConfigurations = (
				C72886D02A0CA28E006E2581 /* Debug */,
				C72886D12A0CA28E006E2581 /* Release */,
			);
			defaultConfigurationIsVisible = 0;
			defaultConfigurationName = Release;
		};
		C72886D22A0CA28E006E2581 /* Build configuration list for PBXNativeTarget "CoreDataToDoTests" */ = {
			isa = XCConfigurationList;
			buildConfigurations = (
				C72886D32A0CA28E006E2581 /* Debug */,
				C72886D42A0CA28E006E2581 /* Release */,
			);
			defaultConfigurationIsVisible = 0;
			defaultConfigurationName = Release;
		};
		C72886D52A0CA28E006E2581 /* Build configuration list for PBXNativeTarget "CoreDataToDoUITests" */ = {
			isa = XCConfigurationList;
			buildConfigurations = (
				C72886D62A0CA28E006E2581 /* Debug */,
				C72886D72A0CA28E006E2581 /* Release */,
			);
			defaultConfigurationIsVisible = 0;
			defaultConfigurationName = Release;
		};
/* End XCConfigurationList section */

/* Begin XCVersionGroup section */
		C72886B42A0CA28D006E2581 /* CoreDataToDo.xcdatamodeld */ = {
			isa = XCVersionGroup;
			children = (
				C72886B52A0CA28D006E2581 /* CoreDataToDo.xcdatamodel */,
			);
			currentVersion = C72886B52A0CA28D006E2581 /* CoreDataToDo.xcdatamodel */;
			path = CoreDataToDo.xcdatamodeld;
			sourceTree = "<group>";
			versionGroupType = wrapper.xcdatamodel;
		};
/* End XCVersionGroup section */
	};
	rootObject = C728869E2A0CA28C006E2581 /* Project object */;
}
